// !$*UTF8*$!
{
	archiveVersion = 1;
	classes = {
	};
	objectVersion = 56;
	objects = {

/* Begin PBXBuildFile section */
		CE54404529923D7C0022A336 /* AppDelegate.m in Sources */ = {isa = PBXBuildFile; fileRef = CE54404429923D7C0022A336 /* AppDelegate.m */; };
		CE54404B29923D7C0022A336 /* ViewController.m in Sources */ = {isa = PBXBuildFile; fileRef = CE54404A29923D7C0022A336 /* ViewController.m */; };
		CE54404E29923D7C0022A336 /* Main.storyboard in Resources */ = {isa = PBXBuildFile; fileRef = CE54404C29923D7C0022A336 /* Main.storyboard */; };
		CE54405029923D7F0022A336 /* Assets.xcassets in Resources */ = {isa = PBXBuildFile; fileRef = CE54404F29923D7F0022A336 /* Assets.xcassets */; };
		CE54405329923D7F0022A336 /* LaunchScreen.storyboard in Resources */ = {isa = PBXBuildFile; fileRef = CE54405129923D7F0022A336 /* LaunchScreen.storyboard */; };
		CE54405629923D7F0022A336 /* main.m in Sources */ = {isa = PBXBuildFile; fileRef = CE54405529923D7F0022A336 /* main.m */; };
		CE54405E299240900022A336 /* ZWView.m in Sources */ = {isa = PBXBuildFile; fileRef = CE54405D299240900022A336 /* ZWView.m */; };
		CE5440642995DC470022A336 /* TableViewCell.m in Sources */ = {isa = PBXBuildFile; fileRef = CE5440632995DC470022A336 /* TableViewCell.m */; };
/* End PBXBuildFile section */

/* Begin PBXFileReference section */
		CE54404029923D7C0022A336 /* ZWUITbaleView.app */ = {isa = PBXFileReference; explicitFileType = wrapper.application; includeInIndex = 0; path = ZWUITbaleView.app; sourceTree = BUILT_PRODUCTS_DIR; };
		CE54404329923D7C0022A336 /* AppDelegate.h */ = {isa = PBXFileReference; lastKnownFileType = sourcecode.c.h; path = AppDelegate.h; sourceTree = "<group>"; };
		CE54404429923D7C0022A336 /* AppDelegate.m */ = {isa = PBXFileReference; lastKnownFileType = sourcecode.c.objc; path = AppDelegate.m; sourceTree = "<group>"; };
		CE54404929923D7C0022A336 /* ViewController.h */ = {isa = PBXFileReference; lastKnownFileType = sourcecode.c.h; path = ViewController.h; sourceTree = "<group>"; };
		CE54404A29923D7C0022A336 /* ViewController.m */ = {isa = PBXFileReference; lastKnownFileType = sourcecode.c.objc; path = ViewController.m; sourceTree = "<group>"; };
		CE54404D29923D7C0022A336 /* Base */ = {isa = PBXFileReference; lastKnownFileType = file.storyboard; name = Base; path = Base.lproj/Main.storyboard; sourceTree = "<group>"; };
		CE54404F29923D7F0022A336 /* Assets.xcassets */ = {isa = PBXFileReference; lastKnownFileType = folder.assetcatalog; path = Assets.xcassets; sourceTree = "<group>"; };
		CE54405229923D7F0022A336 /* Base */ = {isa = PBXFileReference; lastKnownFileType = file.storyboard; name = Base; path = Base.lproj/LaunchScreen.storyboard; sourceTree = "<group>"; };
		CE54405429923D7F0022A336 /* Info.plist */ = {isa = PBXFileReference; lastKnownFileType = text.plist.xml; path = Info.plist; sourceTree = "<group>"; };
		CE54405529923D7F0022A336 /* main.m */ = {isa = PBXFileReference; lastKnownFileType = sourcecode.c.objc; path = main.m; sourceTree = "<group>"; };
		CE54405C299240900022A336 /* ZWView.h */ = {isa = PBXFileReference; lastKnownFileType = sourcecode.c.h; path = ZWView.h; sourceTree = "<group>"; };
		CE54405D299240900022A336 /* ZWView.m */ = {isa = PBXFileReference; lastKnownFileType = sourcecode.c.objc; path = ZWView.m; sourceTree = "<group>"; };
		CE5440622995DC470022A336 /* TableViewCell.h */ = {isa = PBXFileReference; lastKnownFileType = sourcecode.c.h; path = TableViewCell.h; sourceTree = "<group>"; };
		CE5440632995DC470022A336 /* TableViewCell.m */ = {isa = PBXFileReference; lastKnownFileType = sourcecode.c.objc; path = TableViewCell.m; sourceTree = "<group>"; };
/* End PBXFileReference section */

/* Begin PBXFrameworksBuildPhase section */
		CE54403D29923D7C0022A336 /* Frameworks */ = {
			isa = PBXFrameworksBuildPhase;
			buildActionMask = 2147483647;
			files = (
			);
			runOnlyForDeploymentPostprocessing = 0;
		};
/* End PBXFrameworksBuildPhase section */

/* Begin PBXGroup section */
		CE54403729923D7C0022A336 = {
			isa = PBXGroup;
			children = (
				CE54404229923D7C0022A336 /* ZWUITbaleView */,
				CE54404129923D7C0022A336 /* Products */,
			);
			sourceTree = "<group>";
		};
		CE54404129923D7C0022A336 /* Products */ = {
			isa = PBXGroup;
			children = (
				CE54404029923D7C0022A336 /* ZWUITbaleView.app */,
			);
			name = Products;
			sourceTree = "<group>";
		};
		CE54404229923D7C0022A336 /* ZWUITbaleView */ = {
			isa = PBXGroup;
			children = (
				CE54404329923D7C0022A336 /* AppDelegate.h */,
				CE54404429923D7C0022A336 /* AppDelegate.m */,
				CE54404929923D7C0022A336 /* ViewController.h */,
				CE54404A29923D7C0022A336 /* ViewController.m */,
				CE54405C299240900022A336 /* ZWView.h */,
				CE54405D299240900022A336 /* ZWView.m */,
				CE5440622995DC470022A336 /* TableViewCell.h */,
				CE5440632995DC470022A336 /* TableViewCell.m */,
				CE54404C29923D7C0022A336 /* Main.storyboard */,
				CE54404F29923D7F0022A336 /* Assets.xcassets */,
				CE54405129923D7F0022A336 /* LaunchScreen.storyboard */,
				CE54405429923D7F0022A336 /* Info.plist */,
				CE54405529923D7F0022A336 /* main.m */,
			);
			path = ZWUITbaleView;
			sourceTree = "<group>";
		};
/* End PBXGroup section */

/* Begin PBXNativeTarget section */
		CE54403F29923D7C0022A336 /* ZWUITbaleView */ = {
			isa = PBXNativeTarget;
			buildConfigurationList = CE54405929923D7F0022A336 /* Build configuration list for PBXNativeTarget "ZWUITbaleView" */;
			buildPhases = (
				CE54403C29923D7C0022A336 /* Sources */,
				CE54403D29923D7C0022A336 /* Frameworks */,
				CE54403E29923D7C0022A336 /* Resources */,
			);
			buildRules = (
			);
			dependencies = (
			);
			name = ZWUITbaleView;
			productName = ZWUITbaleView;
			productReference = CE54404029923D7C0022A336 /* ZWUITbaleView.app */;
			productType = "com.apple.product-type.application";
		};
/* End PBXNativeTarget section */

/* Begin PBXProject section */
		CE54403829923D7C0022A336 /* Project object */ = {
			isa = PBXProject;
			attributes = {
				BuildIndependentTargetsInParallel = 1;
				LastUpgradeCheck = 1420;
				TargetAttributes = {
					CE54403F29923D7C0022A336 = {
						CreatedOnToolsVersion = 14.2;
					};
				};
			};
			buildConfigurationList = CE54403B29923D7C0022A336 /* Build configuration list for PBXProject "ZWUITbaleView" */;
			compatibilityVersion = "Xcode 14.0";
			developmentRegion = en;
			hasScannedForEncodings = 0;
			knownRegions = (
				en,
				Base,
			);
			mainGroup = CE54403729923D7C0022A336;
			productRefGroup = CE54404129923D7C0022A336 /* Products */;
			projectDirPath = "";
			projectRoot = "";
			targets = (
				CE54403F29923D7C0022A336 /* ZWUITbaleView */,
			);
		};
/* End PBXProject section */

/* Begin PBXResourcesBuildPhase section */
		CE54403E29923D7C0022A336 /* Resources */ = {
			isa = PBXResourcesBuildPhase;
			buildActionMask = 2147483647;
			files = (
				CE54405329923D7F0022A336 /* LaunchScreen.storyboard in Resources */,
				CE54405029923D7F0022A336 /* Assets.xcassets in Resources */,
				CE54404E29923D7C0022A336 /* Main.storyboard in Resources */,
			);
			runOnlyForDeploymentPostprocessing = 0;
		};
/* End PBXResourcesBuildPhase section */

/* Begin PBXSourcesBuildPhase section */
		CE54403C29923D7C0022A336 /* Sources */ = {
			isa = PBXSourcesBuildPhase;
			buildActionMask = 2147483647;
			files = (
				CE54405E299240900022A336 /* ZWView.m in Sources */,
				CE54404B29923D7C0022A336 /* ViewController.m in Sources */,
				CE54404529923D7C0022A336 /* AppDelegate.m in Sources */,
				CE5440642995DC470022A336 /* TableViewCell.m in Sources */,
				CE54405629923D7F0022A336 /* main.m in Sources */,
			);
			runOnlyForDeploymentPostprocessing = 0;
		};
/* End PBXSourcesBuildPhase section */

/* Begin PBXVariantGroup section */
		CE54404C29923D7C0022A336 /* Main.storyboard */ = {
			isa = PBXVariantGroup;
			children = (
				CE54404D29923D7C0022A336 /* Base */,
			);
			name = Main.storyboard;
			sourceTree = "<group>";
		};
		CE54405129923D7F0022A336 /* LaunchScreen.storyboard */ = {
			isa = PBXVariantGroup;
			children = (
				CE54405229923D7F0022A336 /* Base */,
			);
			name = LaunchScreen.storyboard;
			sourceTree = "<group>";
		};
/* End PBXVariantGroup section */

/* Begin XCBuildConfiguration section */
		CE54405729923D7F0022A336 /* Debug */ = {
			isa = XCBuildConfiguration;
			buildSettings = {
				ALWAYS_SEARCH_USER_PATHS = NO;
				CLANG_ANALYZER_NONNULL = YES;
				CLANG_ANALYZER_NUMBER_OBJECT_CONVERSION = YES_AGGRESSIVE;
				CLANG_CXX_LANGUAGE_STANDARD = "gnu++20";
				CLANG_ENABLE_MODULES = YES;
				CLANG_ENABLE_OBJC_ARC = YES;
				CLANG_ENABLE_OBJC_WEAK = YES;
				CLANG_WARN_BLOCK_CAPTURE_AUTORELEASING = YES;
				CLANG_WARN_BOOL_CONVERSION = YES;
				CLANG_WARN_COMMA = YES;
				CLANG_WARN_CONSTANT_CONVERSION = YES;
				CLANG_WARN_DEPRECATED_OBJC_IMPLEMENTATIONS = YES;
				CLANG_WARN_DIRECT_OBJC_ISA_USAGE = YES_ERROR;
				CLANG_WARN_DOCUMENTATION_COMMENTS = YES;
				CLANG_WARN_EMPTY_BODY = YES;
				CLANG_WARN_ENUM_CONVERSION = YES;
				CLANG_WARN_INFINITE_RECURSION = YES;
				CLANG_WARN_INT_CONVERSION = YES;
				CLANG_WARN_NON_LITERAL_NULL_CONVERSION = YES;
				CLANG_WARN_OBJC_IMPLICIT_RETAIN_SELF = YES;
				CLANG_WARN_OBJC_LITERAL_CONVERSION = YES;
				CLANG_WARN_OBJC_ROOT_CLASS = YES_ERROR;
				CLANG_WARN_QUOTED_INCLUDE_IN_FRAMEWORK_HEADER = YES;
				CLANG_WARN_RANGE_LOOP_ANALYSIS = YES;
				CLANG_WARN_STRICT_PROTOTYPES = YES;
				CLANG_WARN_SUSPICIOUS_MOVE = YES;
				CLANG_WARN_UNGUARDED_AVAILABILITY = YES_AGGRESSIVE;
				CLANG_WARN_UNREACHABLE_CODE = YES;
				CLANG_WARN__DUPLICATE_METHOD_MATCH = YES;
				COPY_PHASE_STRIP = NO;
				DEBUG_INFORMATION_FORMAT = dwarf;
				ENABLE_STRICT_OBJC_MSGSEND = YES;
				ENABLE_TESTABILITY = YES;
				GCC_C_LANGUAGE_STANDARD = gnu11;
				GCC_DYNAMIC_NO_PIC = NO;
				GCC_NO_COMMON_BLOCKS = YES;
				GCC_OPTIMIZATION_LEVEL = 0;
				GCC_PREPROCESSOR_DEFINITIONS = (
					"DEBUG=1",
					"$(inherited)",
				);
				GCC_WARN_64_TO_32_BIT_CONVERSION = YES;
				GCC_WARN_ABOUT_RETURN_TYPE = YES_ERROR;
				GCC_WARN_UNDECLARED_SELECTOR = YES;
				GCC_WARN_UNINITIALIZED_AUTOS = YES_AGGRESSIVE;
				GCC_WARN_UNUSED_FUNCTION = YES;
				GCC_WARN_UNUSED_VARIABLE = YES;
				IPHONEOS_DEPLOYMENT_TARGET = 16.2;
				MTL_ENABLE_DEBUG_INFO = INCLUDE_SOURCE;
				MTL_FAST_MATH = YES;
				ONLY_ACTIVE_ARCH = YES;
				SDKROOT = iphoneos;
			};
			name = Debug;
		};
		CE54405829923D7F0022A336 /* Release */ = {
			isa = XCBuildConfiguration;
			buildSettings = {
				ALWAYS_SEARCH_USER_PATHS = NO;
				CLANG_ANALYZER_NONNULL = YES;
				CLANG_ANALYZER_NUMBER_OBJECT_CONVERSION = YES_AGGRESSIVE;
				CLANG_CXX_LANGUAGE_STANDARD = "gnu++20";
				CLANG_ENABLE_MODULES = YES;
				CLANG_ENABLE_OBJC_ARC = YES;
				CLANG_ENABLE_OBJC_WEAK = YES;
				CLANG_WARN_BLOCK_CAPTURE_AUTORELEASING = YES;
				CLANG_WARN_BOOL_CONVERSION = YES;
				CLANG_WARN_COMMA = YES;
				CLANG_WARN_CONSTANT_CONVERSION = YES;
				CLANG_WARN_DEPRECATED_OBJC_IMPLEMENTATIONS = YES;
				CLANG_WARN_DIRECT_OBJC_ISA_USAGE = YES_ERROR;
				CLANG_WARN_DOCUMENTATION_COMMENTS = YES;
				CLANG_WARN_EMPTY_BODY = YES;
				CLANG_WARN_ENUM_CONVERSION = YES;
				CLANG_WARN_INFINITE_RECURSION = YES;
				CLANG_WARN_INT_CONVERSION = YES;
				CLANG_WARN_NON_LITERAL_NULL_CONVERSION = YES;
				CLANG_WARN_OBJC_IMPLICIT_RETAIN_SELF = YES;
				CLANG_WARN_OBJC_LITERAL_CONVERSION = YES;
				CLANG_WARN_OBJC_ROOT_CLASS = YES_ERROR;
				CLANG_WARN_QUOTED_INCLUDE_IN_FRAMEWORK_HEADER = YES;
				CLANG_WARN_RANGE_LOOP_ANALYSIS = YES;
				CLANG_WARN_STRICT_PROTOTYPES = YES;
				CLANG_WARN_SUSPICIOUS_MOVE = YES;
				CLANG_WARN_UNGUARDED_AVAILABILITY = YES_AGGRESSIVE;
				CLANG_WARN_UNREACHABLE_CODE = YES;
				CLANG_WARN__DUPLICATE_METHOD_MATCH = YES;
				COPY_PHASE_STRIP = NO;
				DEBUG_INFORMATION_FORMAT = "dwarf-with-dsym";
				ENABLE_NS_ASSERTIONS = NO;
				ENABLE_STRICT_OBJC_MSGSEND = YES;
				GCC_C_LANGUAGE_STANDARD = gnu11;
				GCC_NO_COMMON_BLOCKS = YES;
				GCC_WARN_64_TO_32_BIT_CONVERSION = YES;
				GCC_WARN_ABOUT_RETURN_TYPE = YES_ERROR;
				GCC_WARN_UNDECLARED_SELECTOR = YES;
				GCC_WARN_UNINITIALIZED_AUTOS = YES_AGGRESSIVE;
				GCC_WARN_UNUSED_FUNCTION = YES;
				GCC_WARN_UNUSED_VARIABLE = YES;
				IPHONEOS_DEPLOYMENT_TARGET = 16.2;
				MTL_ENABLE_DEBUG_INFO = NO;
				MTL_FAST_MATH = YES;
				SDKROOT = iphoneos;
				VALIDATE_PRODUCT = YES;
			};
			name = Release;
		};
		CE54405A29923D7F0022A336 /* Debug */ = {
			isa = XCBuildConfiguration;
			buildSettings = {
				ASSETCATALOG_COMPILER_APPICON_NAME = AppIcon;
				ASSETCATALOG_COMPILER_GLOBAL_ACCENT_COLOR_NAME = AccentColor;
				CODE_SIGN_STYLE = Automatic;
				CURRENT_PROJECT_VERSION = 1;
				DEVELOPMENT_TEAM = 9KARD3S8BX;
				GENERATE_INFOPLIST_FILE = YES;
				INFOPLIST_FILE = ZWUITbaleView/Info.plist;
				INFOPLIST_KEY_UIApplicationSupportsIndirectInputEvents = YES;
				INFOPLIST_KEY_UILaunchStoryboardName = LaunchScreen;
				INFOPLIST_KEY_UIMainStoryboardFile = Main;
				INFOPLIST_KEY_UISupportedInterfaceOrientations_iPad = "UIInterfaceOrientationPortrait UIInterfaceOrientationPortraitUpsideDown UIInterfaceOrientationLandscapeLeft UIInterfaceOrientationLandscapeRight";
				INFOPLIST_KEY_UISupportedInterfaceOrientations_iPhone = "UIInterfaceOrientationPortrait UIInterfaceOrientationLandscapeLeft UIInterfaceOrientationLandscapeRight";
				IPHONEOS_DEPLOYMENT_TARGET = 13.6;
				LD_RUNPATH_SEARCH_PATHS = (
					"$(inherited)",
					"@executable_path/Frameworks",
				);
				MARKETING_VERSION = 1.0;
				PRODUCT_BUNDLE_IDENTIFIER = com.czw.ZWUITbaleView;
				PRODUCT_NAME = "$(TARGET_NAME)";
				SWIFT_EMIT_LOC_STRINGS = YES;
				TARGETED_DEVICE_FAMILY = "1,2";
			};
			name = Debug;
		};
		CE54405B29923D7F0022A336 /* Release */ = {
			isa = XCBuildConfiguration;
			buildSettings = {
				ASSETCATALOG_COMPILER_APPICON_NAME = AppIcon;
				ASSETCATALOG_COMPILER_GLOBAL_ACCENT_COLOR_NAME = AccentColor;
				CODE_SIGN_STYLE = Automatic;
				CURRENT_PROJECT_VERSION = 1;
				DEVELOPMENT_TEAM = 9KARD3S8BX;
				GENERATE_INFOPLIST_FILE = YES;
				INFOPLIST_FILE = ZWUITbaleView/Info.plist;
				INFOPLIST_KEY_UIApplicationSupportsIndirectInputEvents = YES;
				INFOPLIST_KEY_UILaunchStoryboardName = LaunchScreen;
				INFOPLIST_KEY_UIMainStoryboardFile = Main;
				INFOPLIST_KEY_UISupportedInterfaceOrientations_iPad = "UIInterfaceOrientationPortrait UIInterfaceOrientationPortraitUpsideDown UIInterfaceOrientationLandscapeLeft UIInterfaceOrientationLandscapeRight";
				INFOPLIST_KEY_UISupportedInterfaceOrientations_iPhone = "UIInterfaceOrientationPortrait UIInterfaceOrientationLandscapeLeft UIInterfaceOrientationLandscapeRight";
				IPHONEOS_DEPLOYMENT_TARGET = 13.6;
				LD_RUNPATH_SEARCH_PATHS = (
					"$(inherited)",
					"@executable_path/Frameworks",
				);
				MARKETING_VERSION = 1.0;
				PRODUCT_BUNDLE_IDENTIFIER = com.czw.ZWUITbaleView;
				PRODUCT_NAME = "$(TARGET_NAME)";
				SWIFT_EMIT_LOC_STRINGS = YES;
				TARGETED_DEVICE_FAMILY = "1,2";
			};
			name = Release;
		};
/* End XCBuildConfiguration section */

/* Begin XCConfigurationList section */
		CE54403B29923D7C0022A336 /* Build configuration list for PBXProject "ZWUITbaleView" */ = {
			isa = XCConfigurationList;
			buildConfigurations = (
				CE54405729923D7F0022A336 /* Debug */,
				CE54405829923D7F0022A336 /* Release */,
			);
			defaultConfigurationIsVisible = 0;
			defaultConfigurationName = Release;
		};
		CE54405929923D7F0022A336 /* Build configuration list for PBXNativeTarget "ZWUITbaleView" */ = {
			isa = XCConfigurationList;
			buildConfigurations = (
				CE54405A29923D7F0022A336 /* Debug */,
				CE54405B29923D7F0022A336 /* Release */,
			);
			defaultConfigurationIsVisible = 0;
			defaultConfigurationName = Release;
		};
/* End XCConfigurationList section */
	};
	rootObject = CE54403829923D7C0022A336 /* Project object */;
}
